<?xml version="1.0" encoding="utf-8"?>
<Project ToolsVersion="4.0" xmlns="http://schemas.microsoft.com/developer/msbuild/2003">
  <ItemGroup>
    <ClCompile Include="main.cpp" />
    <ClCompile Include="GameManager.cpp">
      <Filter>Fichiers sources\Managers</Filter>
    </ClCompile>
    <ClCompile Include="ResourceManager.cpp">
      <Filter>Fichiers sources\Managers</Filter>
    </ClCompile>
    <ClCompile Include="Chargement.cpp">
      <Filter>Fichiers sources\Scenes</Filter>
    </ClCompile>
    <ClCompile Include="Jeu.cpp">
      <Filter>Fichiers sources\Scenes</Filter>
    </ClCompile>
    <ClCompile Include="LevelEditor.cpp">
      <Filter>Fichiers sources\Scenes\Editeur</Filter>
    </ClCompile>
    <ClCompile Include="ChooseLevelEditor.cpp">
      <Filter>Fichiers sources\Scenes\Editeur</Filter>
    </ClCompile>
    <ClCompile Include="HudEditor.cpp">
      <Filter>Fichiers sources\Scenes\Editeur</Filter>
    </ClCompile>
    <ClCompile Include="OpenLevelEditor.cpp">
      <Filter>Fichiers sources\Scenes\Editeur</Filter>
    </ClCompile>
    <ClCompile Include="SaveEditor.cpp">
      <Filter>Fichiers sources\Scenes\Editeur</Filter>
    </ClCompile>
    <ClCompile Include="SizeEditor.cpp">
      <Filter>Fichiers sources\Scenes\Editeur</Filter>
    </ClCompile>
    <ClCompile Include="PlayerSelector.cpp">
      <Filter>Fichiers sources\Scenes</Filter>
    </ClCompile>
    <ClCompile Include="Scene.cpp">
      <Filter>Fichiers sources\Scenes</Filter>
    </ClCompile>
    <ClCompile Include="Menu.cpp">
      <Filter>Fichiers sources\Scenes</Filter>
    </ClCompile>
    <ClCompile Include="LevelSelector.cpp">
      <Filter>Fichiers sources\Scenes</Filter>
    </ClCompile>
    <ClCompile Include="Caméra.cpp">
      <Filter>Fichiers sources\Scenes\Jeu</Filter>
    </ClCompile>
    <ClCompile Include="Collects.cpp">
      <Filter>Fichiers sources\Scenes\Jeu</Filter>
    </ClCompile>
    <ClCompile Include="HUD.cpp">
      <Filter>Fichiers sources\Scenes\Jeu</Filter>
    </ClCompile>
    <ClCompile Include="Map.cpp">
      <Filter>Fichiers sources\Scenes\Jeu</Filter>
    </ClCompile>
    <ClCompile Include="Missile.cpp">
      <Filter>Fichiers sources\Scenes\Jeu</Filter>
    </ClCompile>
    <ClCompile Include="Player.cpp">
      <Filter>Fichiers sources\Scenes\Jeu</Filter>
    </ClCompile>
    <ClCompile Include="TimerStart.cpp">
      <Filter>Fichiers sources\Scenes\Jeu</Filter>
    </ClCompile>
    <ClCompile Include="Transition.cpp">
      <Filter>Fichiers sources</Filter>
    </ClCompile>
    <ClCompile Include="Credits.cpp">
      <Filter>Fichiers sources\Scenes</Filter>
    </ClCompile>
    <ClCompile Include="Commandes.cpp">
      <Filter>Fichiers sources\Scenes</Filter>
    </ClCompile>
    <ClCompile Include="Options.cpp">
      <Filter>Fichiers sources\Scenes</Filter>
    </ClCompile>
    <ClCompile Include="Level_Finished.cpp">
      <Filter>Fichiers sources\Scenes\Jeu</Filter>
    </ClCompile>
    <ClCompile Include="Shockwave.cpp">
      <Filter>Fichiers sources\Scenes\Jeu</Filter>
    </ClCompile>
  </ItemGroup>
  <ItemGroup>
    <ClInclude Include="GameManager.h">
      <Filter>Fichiers d%27en tête\Managers</Filter>
    </ClInclude>
    <ClInclude Include="Enum.h">
      <Filter>Fichiers d%27en tête\Managers</Filter>
    </ClInclude>
    <ClInclude Include="dirent.h">
      <Filter>Fichiers d%27en tête\Managers</Filter>
    </ClInclude>
    <ClInclude Include="ResourceManager.h">
      <Filter>Fichiers d%27en tête\Managers</Filter>
    </ClInclude>
    <ClInclude Include="Jeu.h">
      <Filter>Fichiers d%27en tête\Scenes</Filter>
    </ClInclude>
    <ClInclude Include="Chargement.h">
      <Filter>Fichiers d%27en tête\Scenes</Filter>
    </ClInclude>
    <ClInclude Include="LevelEditor.h">
      <Filter>Fichiers d%27en tête\Scenes\Editeur</Filter>
    </ClInclude>
    <ClInclude Include="ChooseLevelEditor.h">
      <Filter>Fichiers d%27en tête\Scenes\Editeur</Filter>
    </ClInclude>
    <ClInclude Include="SizeEditor.h">
      <Filter>Fichiers d%27en tête\Scenes\Editeur</Filter>
    </ClInclude>
    <ClInclude Include="SaveEditor.h">
      <Filter>Fichiers d%27en tête\Scenes\Editeur</Filter>
    </ClInclude>
    <ClInclude Include="OpenLevelEditor.h">
      <Filter>Fichiers d%27en tête\Scenes\Editeur</Filter>
    </ClInclude>
    <ClInclude Include="Singleton.h">
      <Filter>Fichiers d%27en tête\Managers</Filter>
    </ClInclude>
    <ClInclude Include="LevelSelector.h">
      <Filter>Fichiers d%27en tête\Scenes</Filter>
    </ClInclude>
    <ClInclude Include="Caméra.h">
      <Filter>Fichiers d%27en tête\Scenes\Jeu</Filter>
    </ClInclude>
    <ClInclude Include="Collects.h">
      <Filter>Fichiers d%27en tête\Scenes\Jeu</Filter>
    </ClInclude>
    <ClInclude Include="HUD.h">
      <Filter>Fichiers d%27en tête\Scenes\Jeu</Filter>
    </ClInclude>
    <ClInclude Include="HudEditor.h">
      <Filter>Fichiers d%27en tête\Scenes\Editeur</Filter>
    </ClInclude>
    <ClInclude Include="Menu.h">
      <Filter>Fichiers d%27en tête\Scenes</Filter>
    </ClInclude>
    <ClInclude Include="Map.h">
      <Filter>Fichiers d%27en tête\Scenes\Jeu</Filter>
    </ClInclude>
    <ClInclude Include="Missile.h">
      <Filter>Fichiers d%27en tête\Scenes\Jeu</Filter>
    </ClInclude>
    <ClInclude Include="Scene.h">
      <Filter>Fichiers d%27en tête\Scenes</Filter>
    </ClInclude>
    <ClInclude Include="PlayerSelector.h">
      <Filter>Fichiers d%27en tête\Scenes</Filter>
    </ClInclude>
    <ClInclude Include="Player.h">
      <Filter>Fichiers d%27en tête\Scenes\Jeu</Filter>
    </ClInclude>
    <ClInclude Include="TimerStart.h">
      <Filter>Fichiers d%27en tête\Scenes\Jeu</Filter>
    </ClInclude>
    <ClInclude Include="Transition.h">
      <Filter>Fichiers d%27en tête</Filter>
    </ClInclude>
    <ClInclude Include="Credits.h">
      <Filter>Fichiers d%27en tête\Scenes</Filter>
    </ClInclude>
    <ClInclude Include="Commandes.h">
      <Filter>Fichiers d%27en tête\Scenes</Filter>
    </ClInclude>
    <ClInclude Include="Options.h">
      <Filter>Fichiers d%27en tête\Scenes</Filter>
    </ClInclude>
    <ClInclude Include="Level_Finished.h">
      <Filter>Fichiers d%27en tête\Scenes\Jeu</Filter>
    </ClInclude>
    <ClInclude Include="Shockwave.h">
      <Filter>Fichiers d%27en tête\Scenes\Jeu</Filter>
    </ClInclude>
  </ItemGroup>
  <ItemGroup>
    <Filter Include="Fichiers sources">
      <UniqueIdentifier>{9c30a5ba-7688-4621-bfc1-cf570ae2a1cc}</UniqueIdentifier>
    </Filter>
    <Filter Include="Fichiers d%27en tête">
      <UniqueIdentifier>{d5cc0203-01a6-4e3d-831e-28d4b0ad4137}</UniqueIdentifier>
    </Filter>
    <Filter Include="Fichiers d%27en tête\Managers">
      <UniqueIdentifier>{b0105c97-8a02-4fe7-a31c-ecb18ef6c725}</UniqueIdentifier>
    </Filter>
    <Filter Include="Fichiers sources\Managers">
      <UniqueIdentifier>{c13238b1-6cf3-49a1-a685-13935e920051}</UniqueIdentifier>
    </Filter>
    <Filter Include="Fichiers sources\Scenes">
      <UniqueIdentifier>{a07fb3d8-fc8f-4dee-8f5b-7bb8f93d6698}</UniqueIdentifier>
    </Filter>
    <Filter Include="Fichiers d%27en tête\Scenes">
      <UniqueIdentifier>{03a60a4a-6496-48c7-8f15-a06370925db9}</UniqueIdentifier>
    </Filter>
    <Filter Include="Fichiers sources\Scenes\Editeur">
      <UniqueIdentifier>{c6b843dd-e361-4a61-8772-be8adc979cfd}</UniqueIdentifier>
    </Filter>
    <Filter Include="Fichiers d%27en tête\Scenes\Editeur">
      <UniqueIdentifier>{366505dd-9f3e-41ef-aad9-1241490a211e}</UniqueIdentifier>
    </Filter>
    <Filter Include="Fichiers sources\Scenes\Jeu">
      <UniqueIdentifier>{1004c1bc-a2f1-4ba0-bb80-d82e7861c3ca}</UniqueIdentifier>
    </Filter>
    <Filter Include="Fichiers d%27en tête\Scenes\Jeu">
      <UniqueIdentifier>{3a5d813c-a75b-4c3b-948c-df7c2f738248}</UniqueIdentifier>
    </Filter>
  </ItemGroup>
</Project>